
Microsoft Visual Studio Solution File, Format Version 12.00
# Visual Studio Version 16
VisualStudioVersion = 16.0.29905.134
MinimumVisualStudioVersion = 10.0.40219.1
Project("{9A19103F-16F7-4668-BE54-9A1E7A4F7556}") = "Problem01.List", "Problem01.List\Problem01.List.csproj", "{BB5B4640-1948-4544-AF84-4439C5066E68}"
EndProject
Project("{9A19103F-16F7-4668-BE54-9A1E7A4F7556}") = "Problem02.Stack", "Problem02.Stack\Problem02.Stack.csproj", "{CFFDC623-F81A-45FF-AA9A-2964B562BB36}"
EndProject
Project("{9A19103F-16F7-4668-BE54-9A1E7A4F7556}") = "Problem03.Queue", "Problem03.Queue\Problem03.Queue.csproj", "{C567551B-0D54-4D50-A67E-8FCCA2FD46A0}"
EndProject
Project("{9A19103F-16F7-4668-BE54-9A1E7A4F7556}") = "02.DoublyLinkedList", "..\02. Linear Data Structures - Exercise\02.DoublyLinkedList\02.DoublyLinkedList.csproj", "{5A32FDF8-D4CB-4362-AB95-D46D1653B3B0}"
EndProject
Project("{9A19103F-16F7-4668-BE54-9A1E7A4F7556}") = "04.BalancedParentheses", "..\02. Linear Data Structures - Exercise\04.BalancedParentheses\04.BalancedParentheses.csproj", "{48F7E3DC-8F1B-4114-86D7-CF9E49D3D8D3}"
EndProject
Project("{9A19103F-16F7-4668-BE54-9A1E7A4F7556}") = "03.ReversedList", "..\02. Linear Data Structures - Exercise\03.ReversedList\03.ReversedList.csproj", "{D2B1DE91-2C1B-42BB-A73E-AEBCDD369891}"
EndProject
Global
	GlobalSection(SolutionConfigurationPlatforms) = preSolution
		Debug|Any CPU = Debug|Any CPU
		Release|Any CPU = Release|Any CPU
	EndGlobalSection
	GlobalSection(ProjectConfigurationPlatforms) = postSolution
		{BB5B4640-1948-4544-AF84-4439C5066E68}.Debug|Any CPU.ActiveCfg = Debug|Any CPU
		{BB5B4640-1948-4544-AF84-4439C5066E68}.Debug|Any CPU.Build.0 = Debug|Any CPU
		{BB5B4640-1948-4544-AF84-4439C5066E68}.Release|Any CPU.ActiveCfg = Release|Any CPU
		{BB5B4640-1948-4544-AF84-4439C5066E68}.Release|Any CPU.Build.0 = Release|Any CPU
		{CFFDC623-F81A-45FF-AA9A-2964B562BB36}.Debug|Any CPU.ActiveCfg = Debug|Any CPU
		{CFFDC623-F81A-45FF-AA9A-2964B562BB36}.Debug|Any CPU.Build.0 = Debug|Any CPU
		{CFFDC623-F81A-45FF-AA9A-2964B562BB36}.Release|Any CPU.ActiveCfg = Release|Any CPU
		{CFFDC623-F81A-45FF-AA9A-2964B562BB36}.Release|Any CPU.Build.0 = Release|Any CPU
		{C567551B-0D54-4D50-A67E-8FCCA2FD46A0}.Debug|Any CPU.ActiveCfg = Debug|Any CPU
		{C567551B-0D54-4D50-A67E-8FCCA2FD46A0}.Debug|Any CPU.Build.0 = Debug|Any CPU
		{C567551B-0D54-4D50-A67E-8FCCA2FD46A0}.Release|Any CPU.ActiveCfg = Release|Any CPU
		{C567551B-0D54-4D50-A67E-8FCCA2FD46A0}.Release|Any CPU.Build.0 = Release|Any CPU
		{5A32FDF8-D4CB-4362-AB95-D46D1653B3B0}.Debug|Any CPU.ActiveCfg = Debug|Any CPU
		{5A32FDF8-D4CB-4362-AB95-D46D1653B3B0}.Debug|Any CPU.Build.0 = Debug|Any CPU
		{5A32FDF8-D4CB-4362-AB95-D46D1653B3B0}.Release|Any CPU.ActiveCfg = Release|Any CPU
		{5A32FDF8-D4CB-4362-AB95-D46D1653B3B0}.Release|Any CPU.Build.0 = Release|Any CPU
		{48F7E3DC-8F1B-4114-86D7-CF9E49D3D8D3}.Debug|Any CPU.ActiveCfg = Debug|Any CPU
		{48F7E3DC-8F1B-4114-86D7-CF9E49D3D8D3}.Debug|Any CPU.Build.0 = Debug|Any CPU
		{48F7E3DC-8F1B-4114-86D7-CF9E49D3D8D3}.Release|Any CPU.ActiveCfg = Release|Any CPU
		{48F7E3DC-8F1B-4114-86D7-CF9E49D3D8D3}.Release|Any CPU.Build.0 = Release|Any CPU
		{D2B1DE91-2C1B-42BB-A73E-AEBCDD369891}.Debug|Any CPU.ActiveCfg = Debug|Any CPU
		{D2B1DE91-2C1B-42BB-A73E-AEBCDD369891}.Debug|Any CPU.Build.0 = Debug|Any CPU
		{D2B1DE91-2C1B-42BB-A73E-AEBCDD369891}.Release|Any CPU.ActiveCfg = Release|Any CPU
		{D2B1DE91-2C1B-42BB-A73E-AEBCDD369891}.Release|Any CPU.Build.0 = Release|Any CPU
	EndGlobalSection
	GlobalSection(SolutionProperties) = preSolution
		HideSolutionNode = FALSE
	EndGlobalSection
	GlobalSection(ExtensibilityGlobals) = postSolution
		SolutionGuid = {61AD095E-7B05-421E-8B39-9592574E1854}
	EndGlobalSection
EndGlobal
